
Microsoft Visual Studio Solution File, Format Version 12.00
# Visual Studio Version 16
VisualStudioVersion = 16.0.31424.327
MinimumVisualStudioVersion = 10.0.40219.1
Project("{FAE04EC0-301F-11D3-BF4B-00C04F79EFBC}") = "Picture Viewer", "Picture Viewer\Picture Viewer.csproj", "{6388BD7D-2420-41C0-935C-9AF2B244F60B}"
EndProject
Global
	GlobalSection(SolutionConfigurationPlatforms) = preSolution
		Debug|Any CPU = Debug|Any CPU
		Release|Any CPU = Release|Any CPU
	EndGlobalSection
	GlobalSection(ProjectConfigurationPlatforms) = postSolution
		{6388BD7D-2420-41C0-935C-9AF2B244F60B}.Debug|Any CPU.ActiveCfg = Debug|Any CPU
		{6388BD7D-2420-41C0-935C-9AF2B244F60B}.Debug|Any CPU.Build.0 = Debug|Any CPU
		{6388BD7D-2420-41C0-935C-9AF2B244F60B}.Release|Any CPU.ActiveCfg = Release|Any CPU
		{6388BD7D-2420-41C0-935C-9AF2B244F60B}.Release|Any CPU.Build.0 = Release|Any CPU
	EndGlobalSection
	GlobalSection(SolutionProperties) = preSolution
		HideSolutionNode = FALSE
	EndGlobalSection
	GlobalSection(ExtensibilityGlobals) = postSolution
		SolutionGuid = {FD8053B0-A2A8-407F-9AAF-4508AC727F37}
	EndGlobalSection
EndGlobal
